// !$*UTF8*$!
{
	archiveVersion = 1;
	classes = {
	};
	objectVersion = 56;
	objects = {

/* Begin PBXBuildFile section */
		82BF9BDA2D838DAC009BE013 /* CardsApp.swift in Sources */ = {isa = PBXBuildFile; fileRef = 82BF9BD92D838DAC009BE013 /* CardsApp.swift */; };
		82BF9BDC2D838DAC009BE013 /* ContentView.swift in Sources */ = {isa = PBXBuildFile; fileRef = 82BF9BDB2D838DAC009BE013 /* ContentView.swift */; };
		82BF9BDE2D838DB0009BE013 /* Assets.xcassets in Resources */ = {isa = PBXBuildFile; fileRef = 82BF9BDD2D838DB0009BE013 /* Assets.xcassets */; };
		82BF9BE12D838DB0009BE013 /* Preview Assets.xcassets in Resources */ = {isa = PBXBuildFile; fileRef = 82BF9BE02D838DB0009BE013 /* Preview Assets.xcassets */; };
		82BF9BE92D838F64009BE013 /* CardsListView.swift in Sources */ = {isa = PBXBuildFile; fileRef = 82BF9BE82D838F64009BE013 /* CardsListView.swift */; };
		82BF9BEB2D839048009BE013 /* CardThumbnail.swift in Sources */ = {isa = PBXBuildFile; fileRef = 82BF9BEA2D839048009BE013 /* CardThumbnail.swift */; };
		82BF9BED2D839117009BE013 /* SingleCardView.swift in Sources */ = {isa = PBXBuildFile; fileRef = 82BF9BEC2D839117009BE013 /* SingleCardView.swift */; };
		82BF9BEF2D8395A0009BE013 /* ToolbarSelection.swift in Sources */ = {isa = PBXBuildFile; fileRef = 82BF9BEE2D8395A0009BE013 /* ToolbarSelection.swift */; };
		82BF9BF12D8395E5009BE013 /* BottomToolbar.swift in Sources */ = {isa = PBXBuildFile; fileRef = 82BF9BF02D8395E5009BE013 /* BottomToolbar.swift */; };
		82BF9BF52D84D30D009BE013 /* ResizableView.swift in Sources */ = {isa = PBXBuildFile; fileRef = 82BF9BF42D84D30D009BE013 /* ResizableView.swift */; };
		82BF9BF82D84D3DE009BE013 /* Transform.swift in Sources */ = {isa = PBXBuildFile; fileRef = 82BF9BF72D84D3DE009BE013 /* Transform.swift */; };
		82BF9BFA2D84D6E5009BE013 /* Operators.swift in Sources */ = {isa = PBXBuildFile; fileRef = 82BF9BF92D84D6E5009BE013 /* Operators.swift */; };
		82BF9BFD2D84E179009BE013 /* Settings.swift in Sources */ = {isa = PBXBuildFile; fileRef = 82BF9BFC2D84E179009BE013 /* Settings.swift */; };
		82BF9C002D84E25D009BE013 /* ColorExtensions.swift in Sources */ = {isa = PBXBuildFile; fileRef = 82BF9BFF2D84E25D009BE013 /* ColorExtensions.swift */; };
		82BF9C042D931D92009BE013 /* CardToolbar.swift in Sources */ = {isa = PBXBuildFile; fileRef = 82BF9C032D931D92009BE013 /* CardToolbar.swift */; };
		82BF9C062D9322E9009BE013 /* CardElement.swift in Sources */ = {isa = PBXBuildFile; fileRef = 82BF9C052D9322E9009BE013 /* CardElement.swift */; };
		82BF9C082D93248D009BE013 /* Card.swift in Sources */ = {isa = PBXBuildFile; fileRef = 82BF9C072D93248D009BE013 /* Card.swift */; };
		82BF9C0A2D932500009BE013 /* CardStore.swift in Sources */ = {isa = PBXBuildFile; fileRef = 82BF9C092D932500009BE013 /* CardStore.swift */; };
		82BF9C0C2D932E3B009BE013 /* PreviewData.swift in Sources */ = {isa = PBXBuildFile; fileRef = 82BF9C0B2D932E3B009BE013 /* PreviewData.swift */; };
		82BF9C0E2D93311F009BE013 /* TextExtensions.swift in Sources */ = {isa = PBXBuildFile; fileRef = 82BF9C0D2D93311F009BE013 /* TextExtensions.swift */; };
		82BF9C102D9336D0009BE013 /* CardDetailView.swift in Sources */ = {isa = PBXBuildFile; fileRef = 82BF9C0F2D9336D0009BE013 /* CardDetailView.swift */; };
		82BF9C122D93380D009BE013 /* CardElementView.swift in Sources */ = {isa = PBXBuildFile; fileRef = 82BF9C112D93380D009BE013 /* CardElementView.swift */; };
		82BF9C162D935D6F009BE013 /* StickerModal.swift in Sources */ = {isa = PBXBuildFile; fileRef = 82BF9C152D935D6F009BE013 /* StickerModal.swift */; };
		82BF9C192D9361C7009BE013 /* Stickers in Resources */ = {isa = PBXBuildFile; fileRef = 82BF9C172D9361C6009BE013 /* Stickers */; };
		82BF9C1A2D9361C7009BE013 /* Camping in Resources */ = {isa = PBXBuildFile; fileRef = 82BF9C182D9361C7009BE013 /* Camping */; };
		82DF49DD2D95FE0C00FCFFA0 /* PhotosModal.swift in Sources */ = {isa = PBXBuildFile; fileRef = 82DF49DC2D95FE0C00FCFFA0 /* PhotosModal.swift */; };
		82DF49DF2D96043100FCFFA0 /* UIImageExtensions.swift in Sources */ = {isa = PBXBuildFile; fileRef = 82DF49DE2D96043100FCFFA0 /* UIImageExtensions.swift */; };
		82DF49E12D96060E00FCFFA0 /* CustomTransfer.swift in Sources */ = {isa = PBXBuildFile; fileRef = 82DF49E02D96060E00FCFFA0 /* CustomTransfer.swift */; };
		82DF49E32D960CE400FCFFA0 /* ElementContextMenu.swift in Sources */ = {isa = PBXBuildFile; fileRef = 82DF49E22D960CE400FCFFA0 /* ElementContextMenu.swift */; };
/* End PBXBuildFile section */

/* Begin PBXFileReference section */
		82BF9BD62D838DAC009BE013 /* Cards.app */ = {isa = PBXFileReference; explicitFileType = wrapper.application; includeInIndex = 0; path = Cards.app; sourceTree = BUILT_PRODUCTS_DIR; };
		82BF9BD92D838DAC009BE013 /* CardsApp.swift */ = {isa = PBXFileReference; lastKnownFileType = sourcecode.swift; path = CardsApp.swift; sourceTree = "<group>"; };
		82BF9BDB2D838DAC009BE013 /* ContentView.swift */ = {isa = PBXFileReference; lastKnownFileType = sourcecode.swift; path = ContentView.swift; sourceTree = "<group>"; };
		82BF9BDD2D838DB0009BE013 /* Assets.xcassets */ = {isa = PBXFileReference; lastKnownFileType = folder.assetcatalog; path = Assets.xcassets; sourceTree = "<group>"; };
		82BF9BE02D838DB0009BE013 /* Preview Assets.xcassets */ = {isa = PBXFileReference; lastKnownFileType = folder.assetcatalog; path = "Preview Assets.xcassets"; sourceTree = "<group>"; };
		82BF9BE82D838F64009BE013 /* CardsListView.swift */ = {isa = PBXFileReference; lastKnownFileType = sourcecode.swift; path = CardsListView.swift; sourceTree = "<group>"; };
		82BF9BEA2D839048009BE013 /* CardThumbnail.swift */ = {isa = PBXFileReference; lastKnownFileType = sourcecode.swift; path = CardThumbnail.swift; sourceTree = "<group>"; };
		82BF9BEC2D839117009BE013 /* SingleCardView.swift */ = {isa = PBXFileReference; lastKnownFileType = sourcecode.swift; path = SingleCardView.swift; sourceTree = "<group>"; };
		82BF9BEE2D8395A0009BE013 /* ToolbarSelection.swift */ = {isa = PBXFileReference; lastKnownFileType = sourcecode.swift; path = ToolbarSelection.swift; sourceTree = "<group>"; };
		82BF9BF02D8395E5009BE013 /* BottomToolbar.swift */ = {isa = PBXFileReference; lastKnownFileType = sourcecode.swift; path = BottomToolbar.swift; sourceTree = "<group>"; };
		82BF9BF42D84D30D009BE013 /* ResizableView.swift */ = {isa = PBXFileReference; lastKnownFileType = sourcecode.swift; path = ResizableView.swift; sourceTree = "<group>"; };
		82BF9BF72D84D3DE009BE013 /* Transform.swift */ = {isa = PBXFileReference; lastKnownFileType = sourcecode.swift; path = Transform.swift; sourceTree = "<group>"; };
		82BF9BF92D84D6E5009BE013 /* Operators.swift */ = {isa = PBXFileReference; lastKnownFileType = sourcecode.swift; path = Operators.swift; sourceTree = "<group>"; };
		82BF9BFC2D84E179009BE013 /* Settings.swift */ = {isa = PBXFileReference; lastKnownFileType = sourcecode.swift; path = Settings.swift; sourceTree = "<group>"; };
		82BF9BFF2D84E25D009BE013 /* ColorExtensions.swift */ = {isa = PBXFileReference; lastKnownFileType = sourcecode.swift; path = ColorExtensions.swift; sourceTree = "<group>"; };
		82BF9C032D931D92009BE013 /* CardToolbar.swift */ = {isa = PBXFileReference; lastKnownFileType = sourcecode.swift; path = CardToolbar.swift; sourceTree = "<group>"; };
		82BF9C052D9322E9009BE013 /* CardElement.swift */ = {isa = PBXFileReference; lastKnownFileType = sourcecode.swift; path = CardElement.swift; sourceTree = "<group>"; };
		82BF9C072D93248D009BE013 /* Card.swift */ = {isa = PBXFileReference; lastKnownFileType = sourcecode.swift; path = Card.swift; sourceTree = "<group>"; };
		82BF9C092D932500009BE013 /* CardStore.swift */ = {isa = PBXFileReference; lastKnownFileType = sourcecode.swift; path = CardStore.swift; sourceTree = "<group>"; };
		82BF9C0B2D932E3B009BE013 /* PreviewData.swift */ = {isa = PBXFileReference; lastKnownFileType = sourcecode.swift; path = PreviewData.swift; sourceTree = "<group>"; };
		82BF9C0D2D93311F009BE013 /* TextExtensions.swift */ = {isa = PBXFileReference; lastKnownFileType = sourcecode.swift; path = TextExtensions.swift; sourceTree = "<group>"; };
		82BF9C0F2D9336D0009BE013 /* CardDetailView.swift */ = {isa = PBXFileReference; lastKnownFileType = sourcecode.swift; path = CardDetailView.swift; sourceTree = "<group>"; };
		82BF9C112D93380D009BE013 /* CardElementView.swift */ = {isa = PBXFileReference; lastKnownFileType = sourcecode.swift; path = CardElementView.swift; sourceTree = "<group>"; };
		82BF9C132D935A0F009BE013 /* Info.plist */ = {isa = PBXFileReference; lastKnownFileType = text.plist; path = Info.plist; sourceTree = "<group>"; };
		82BF9C152D935D6F009BE013 /* StickerModal.swift */ = {isa = PBXFileReference; lastKnownFileType = sourcecode.swift; path = StickerModal.swift; sourceTree = "<group>"; };
		82BF9C172D9361C6009BE013 /* Stickers */ = {isa = PBXFileReference; lastKnownFileType = folder; path = Stickers; sourceTree = "<group>"; };
		82BF9C182D9361C7009BE013 /* Camping */ = {isa = PBXFileReference; lastKnownFileType = folder; path = Camping; sourceTree = "<group>"; };
		82DF49DC2D95FE0C00FCFFA0 /* PhotosModal.swift */ = {isa = PBXFileReference; lastKnownFileType = sourcecode.swift; path = PhotosModal.swift; sourceTree = "<group>"; };
		82DF49DE2D96043100FCFFA0 /* UIImageExtensions.swift */ = {isa = PBXFileReference; lastKnownFileType = sourcecode.swift; path = UIImageExtensions.swift; sourceTree = "<group>"; };
		82DF49E02D96060E00FCFFA0 /* CustomTransfer.swift */ = {isa = PBXFileReference; lastKnownFileType = sourcecode.swift; path = CustomTransfer.swift; sourceTree = "<group>"; };
		82DF49E22D960CE400FCFFA0 /* ElementContextMenu.swift */ = {isa = PBXFileReference; lastKnownFileType = sourcecode.swift; path = ElementContextMenu.swift; sourceTree = "<group>"; };
/* End PBXFileReference section */

/* Begin PBXFrameworksBuildPhase section */
		82BF9BD32D838DAC009BE013 /* Frameworks */ = {
			isa = PBXFrameworksBuildPhase;
			buildActionMask = 2147483647;
			files = (
			);
			runOnlyForDeploymentPostprocessing = 0;
		};
/* End PBXFrameworksBuildPhase section */

/* Begin PBXGroup section */
		82BF9BCD2D838DAC009BE013 = {
			isa = PBXGroup;
			children = (
				82BF9BD82D838DAC009BE013 /* Cards */,
				82BF9BD72D838DAC009BE013 /* Products */,
			);
			sourceTree = "<group>";
		};
		82BF9BD72D838DAC009BE013 /* Products */ = {
			isa = PBXGroup;
			children = (
				82BF9BD62D838DAC009BE013 /* Cards.app */,
			);
			name = Products;
			sourceTree = "<group>";
		};
		82BF9BD82D838DAC009BE013 /* Cards */ = {
			isa = PBXGroup;
			children = (
				82BF9C132D935A0F009BE013 /* Info.plist */,
				82BF9C182D9361C7009BE013 /* Camping */,
				82BF9C172D9361C6009BE013 /* Stickers */,
				82BF9BFE2D84E244009BE013 /* Extensions */,
				82BF9BFB2D84E168009BE013 /* Config */,
				82BF9BF62D84D3C7009BE013 /* Model */,
				82BF9BF22D83A214009BE013 /* Views */,
				82BF9BD92D838DAC009BE013 /* CardsApp.swift */,
				82BF9BDD2D838DB0009BE013 /* Assets.xcassets */,
				82BF9BDF2D838DB0009BE013 /* Preview Content */,
			);
			path = Cards;
			sourceTree = "<group>";
		};
		82BF9BDF2D838DB0009BE013 /* Preview Content */ = {
			isa = PBXGroup;
			children = (
				82BF9BE02D838DB0009BE013 /* Preview Assets.xcassets */,
				82BF9C0B2D932E3B009BE013 /* PreviewData.swift */,
			);
			path = "Preview Content";
			sourceTree = "<group>";
		};
		82BF9BF22D83A214009BE013 /* Views */ = {
			isa = PBXGroup;
			children = (
				82BF9BDB2D838DAC009BE013 /* ContentView.swift */,
				82BF9BE82D838F64009BE013 /* CardsListView.swift */,
				82BF9BEA2D839048009BE013 /* CardThumbnail.swift */,
				82BF9BF32D83A23C009BE013 /* Single Card Views */,
				82BF9BF42D84D30D009BE013 /* ResizableView.swift */,
			);
			path = Views;
			sourceTree = "<group>";
		};
		82BF9BF32D83A23C009BE013 /* Single Card Views */ = {
			isa = PBXGroup;
			children = (
				82BF9C142D935D58009BE013 /* Card Modal Views */,
				82BF9BEC2D839117009BE013 /* SingleCardView.swift */,
				82BF9BEE2D8395A0009BE013 /* ToolbarSelection.swift */,
				82BF9BF02D8395E5009BE013 /* BottomToolbar.swift */,
				82BF9C032D931D92009BE013 /* CardToolbar.swift */,
				82BF9C0F2D9336D0009BE013 /* CardDetailView.swift */,
				82BF9C112D93380D009BE013 /* CardElementView.swift */,
				82DF49E22D960CE400FCFFA0 /* ElementContextMenu.swift */,
			);
			path = "Single Card Views";
			sourceTree = "<group>";
		};
		82BF9BF62D84D3C7009BE013 /* Model */ = {
			isa = PBXGroup;
			children = (
				82BF9BF72D84D3DE009BE013 /* Transform.swift */,
				82BF9BF92D84D6E5009BE013 /* Operators.swift */,
				82BF9C052D9322E9009BE013 /* CardElement.swift */,
				82BF9C072D93248D009BE013 /* Card.swift */,
				82BF9C092D932500009BE013 /* CardStore.swift */,
				82DF49E02D96060E00FCFFA0 /* CustomTransfer.swift */,
			);
			path = Model;
			sourceTree = "<group>";
		};
		82BF9BFB2D84E168009BE013 /* Config */ = {
			isa = PBXGroup;
			children = (
				82BF9BFC2D84E179009BE013 /* Settings.swift */,
			);
			path = Config;
			sourceTree = "<group>";
		};
		82BF9BFE2D84E244009BE013 /* Extensions */ = {
			isa = PBXGroup;
			children = (
				82BF9BFF2D84E25D009BE013 /* ColorExtensions.swift */,
				82BF9C0D2D93311F009BE013 /* TextExtensions.swift */,
				82DF49DE2D96043100FCFFA0 /* UIImageExtensions.swift */,
			);
			path = Extensions;
			sourceTree = "<group>";
		};
		82BF9C142D935D58009BE013 /* Card Modal Views */ = {
			isa = PBXGroup;
			children = (
				82BF9C152D935D6F009BE013 /* StickerModal.swift */,
				82DF49DC2D95FE0C00FCFFA0 /* PhotosModal.swift */,
			);
			path = "Card Modal Views";
			sourceTree = "<group>";
		};
/* End PBXGroup section */

/* Begin PBXNativeTarget section */
		82BF9BD52D838DAC009BE013 /* Cards */ = {
			isa = PBXNativeTarget;
			buildConfigurationList = 82BF9BE42D838DB0009BE013 /* Build configuration list for PBXNativeTarget "Cards" */;
			buildPhases = (
				82BF9BD22D838DAC009BE013 /* Sources */,
				82BF9BD32D838DAC009BE013 /* Frameworks */,
				82BF9BD42D838DAC009BE013 /* Resources */,
			);
			buildRules = (
			);
			dependencies = (
			);
			name = Cards;
			productName = Cards;
			productReference = 82BF9BD62D838DAC009BE013 /* Cards.app */;
			productType = "com.apple.product-type.application";
		};
/* End PBXNativeTarget section */

/* Begin PBXProject section */
		82BF9BCE2D838DAC009BE013 /* Project object */ = {
			isa = PBXProject;
			attributes = {
				BuildIndependentTargetsInParallel = 1;
				LastSwiftUpdateCheck = 1420;
				LastUpgradeCheck = 1420;
				TargetAttributes = {
					82BF9BD52D838DAC009BE013 = {
						CreatedOnToolsVersion = 14.2;
					};
				};
			};
			buildConfigurationList = 82BF9BD12D838DAC009BE013 /* Build configuration list for PBXProject "Cards" */;
			compatibilityVersion = "Xcode 14.0";
			developmentRegion = en;
			hasScannedForEncodings = 0;
			knownRegions = (
				en,
				Base,
			);
			mainGroup = 82BF9BCD2D838DAC009BE013;
			productRefGroup = 82BF9BD72D838DAC009BE013 /* Products */;
			projectDirPath = "";
			projectRoot = "";
			targets = (
				82BF9BD52D838DAC009BE013 /* Cards */,
			);
		};
/* End PBXProject section */

/* Begin PBXResourcesBuildPhase section */
		82BF9BD42D838DAC009BE013 /* Resources */ = {
			isa = PBXResourcesBuildPhase;
			buildActionMask = 2147483647;
			files = (
				82BF9BE12D838DB0009BE013 /* Preview Assets.xcassets in Resources */,
				82BF9C192D9361C7009BE013 /* Stickers in Resources */,
				82BF9C1A2D9361C7009BE013 /* Camping in Resources */,
				82BF9BDE2D838DB0009BE013 /* Assets.xcassets in Resources */,
			);
			runOnlyForDeploymentPostprocessing = 0;
		};
/* End PBXResourcesBuildPhase section */

/* Begin PBXSourcesBuildPhase section */
		82BF9BD22D838DAC009BE013 /* Sources */ = {
			isa = PBXSourcesBuildPhase;
			buildActionMask = 2147483647;
			files = (
				82BF9C102D9336D0009BE013 /* CardDetailView.swift in Sources */,
				82BF9BEB2D839048009BE013 /* CardThumbnail.swift in Sources */,
				82BF9C162D935D6F009BE013 /* StickerModal.swift in Sources */,
				82BF9C0A2D932500009BE013 /* CardStore.swift in Sources */,
				82BF9C0C2D932E3B009BE013 /* PreviewData.swift in Sources */,
				82BF9BFA2D84D6E5009BE013 /* Operators.swift in Sources */,
				82BF9C042D931D92009BE013 /* CardToolbar.swift in Sources */,
				82DF49DF2D96043100FCFFA0 /* UIImageExtensions.swift in Sources */,
				82BF9BDC2D838DAC009BE013 /* ContentView.swift in Sources */,
				82BF9BF52D84D30D009BE013 /* ResizableView.swift in Sources */,
				82DF49E32D960CE400FCFFA0 /* ElementContextMenu.swift in Sources */,
				82BF9BE92D838F64009BE013 /* CardsListView.swift in Sources */,
				82BF9BED2D839117009BE013 /* SingleCardView.swift in Sources */,
				82BF9C082D93248D009BE013 /* Card.swift in Sources */,
				82BF9C0E2D93311F009BE013 /* TextExtensions.swift in Sources */,
				82BF9BEF2D8395A0009BE013 /* ToolbarSelection.swift in Sources */,
				82BF9BF12D8395E5009BE013 /* BottomToolbar.swift in Sources */,
				82BF9BF82D84D3DE009BE013 /* Transform.swift in Sources */,
				82BF9C122D93380D009BE013 /* CardElementView.swift in Sources */,
				82BF9C062D9322E9009BE013 /* CardElement.swift in Sources */,
				82BF9BFD2D84E179009BE013 /* Settings.swift in Sources */,
				82BF9BDA2D838DAC009BE013 /* CardsApp.swift in Sources */,
				82DF49DD2D95FE0C00FCFFA0 /* PhotosModal.swift in Sources */,
				82BF9C002D84E25D009BE013 /* ColorExtensions.swift in Sources */,
				82DF49E12D96060E00FCFFA0 /* CustomTransfer.swift in Sources */,
			);
			runOnlyForDeploymentPostprocessing = 0;
		};
/* End PBXSourcesBuildPhase section */

/* Begin XCBuildConfiguration section */
		82BF9BE22D838DB0009BE013 /* Debug */ = {
			isa = XCBuildConfiguration;
			buildSettings = {
				ALWAYS_SEARCH_USER_PATHS = NO;
				CLANG_ANALYZER_NONNULL = YES;
				CLANG_ANALYZER_NUMBER_OBJECT_CONVERSION = YES_AGGRESSIVE;
				CLANG_CXX_LANGUAGE_STANDARD = "gnu++20";
				CLANG_ENABLE_MODULES = YES;
				CLANG_ENABLE_OBJC_ARC = YES;
				CLANG_ENABLE_OBJC_WEAK = YES;
				CLANG_WARN_BLOCK_CAPTURE_AUTORELEASING = YES;
				CLANG_WARN_BOOL_CONVERSION = YES;
				CLANG_WARN_COMMA = YES;
				CLANG_WARN_CONSTANT_CONVERSION = YES;
				CLANG_WARN_DEPRECATED_OBJC_IMPLEMENTATIONS = YES;
				CLANG_WARN_DIRECT_OBJC_ISA_USAGE = YES_ERROR;
				CLANG_WARN_DOCUMENTATION_COMMENTS = YES;
				CLANG_WARN_EMPTY_BODY = YES;
				CLANG_WARN_ENUM_CONVERSION = YES;
				CLANG_WARN_INFINITE_RECURSION = YES;
				CLANG_WARN_INT_CONVERSION = YES;
				CLANG_WARN_NON_LITERAL_NULL_CONVERSION = YES;
				CLANG_WARN_OBJC_IMPLICIT_RETAIN_SELF = YES;
				CLANG_WARN_OBJC_LITERAL_CONVERSION = YES;
				CLANG_WARN_OBJC_ROOT_CLASS = YES_ERROR;
				CLANG_WARN_QUOTED_INCLUDE_IN_FRAMEWORK_HEADER = YES;
				CLANG_WARN_RANGE_LOOP_ANALYSIS = YES;
				CLANG_WARN_STRICT_PROTOTYPES = YES;
				CLANG_WARN_SUSPICIOUS_MOVE = YES;
				CLANG_WARN_UNGUARDED_AVAILABILITY = YES_AGGRESSIVE;
				CLANG_WARN_UNREACHABLE_CODE = YES;
				CLANG_WARN__DUPLICATE_METHOD_MATCH = YES;
				COPY_PHASE_STRIP = NO;
				DEBUG_INFORMATION_FORMAT = dwarf;
				ENABLE_STRICT_OBJC_MSGSEND = YES;
				ENABLE_TESTABILITY = YES;
				GCC_C_LANGUAGE_STANDARD = gnu11;
				GCC_DYNAMIC_NO_PIC = NO;
				GCC_NO_COMMON_BLOCKS = YES;
				GCC_OPTIMIZATION_LEVEL = 0;
				GCC_PREPROCESSOR_DEFINITIONS = (
					"DEBUG=1",
					"$(inherited)",
				);
				GCC_WARN_64_TO_32_BIT_CONVERSION = YES;
				GCC_WARN_ABOUT_RETURN_TYPE = YES_ERROR;
				GCC_WARN_UNDECLARED_SELECTOR = YES;
				GCC_WARN_UNINITIALIZED_AUTOS = YES_AGGRESSIVE;
				GCC_WARN_UNUSED_FUNCTION = YES;
				GCC_WARN_UNUSED_VARIABLE = YES;
				IPHONEOS_DEPLOYMENT_TARGET = 16.2;
				MTL_ENABLE_DEBUG_INFO = INCLUDE_SOURCE;
				MTL_FAST_MATH = YES;
				ONLY_ACTIVE_ARCH = YES;
				SDKROOT = iphoneos;
				SWIFT_ACTIVE_COMPILATION_CONDITIONS = DEBUG;
				SWIFT_OPTIMIZATION_LEVEL = "-Onone";
			};
			name = Debug;
		};
		82BF9BE32D838DB0009BE013 /* Release */ = {
			isa = XCBuildConfiguration;
			buildSettings = {
				ALWAYS_SEARCH_USER_PATHS = NO;
				CLANG_ANALYZER_NONNULL = YES;
				CLANG_ANALYZER_NUMBER_OBJECT_CONVERSION = YES_AGGRESSIVE;
				CLANG_CXX_LANGUAGE_STANDARD = "gnu++20";
				CLANG_ENABLE_MODULES = YES;
				CLANG_ENABLE_OBJC_ARC = YES;
				CLANG_ENABLE_OBJC_WEAK = YES;
				CLANG_WARN_BLOCK_CAPTURE_AUTORELEASING = YES;
				CLANG_WARN_BOOL_CONVERSION = YES;
				CLANG_WARN_COMMA = YES;
				CLANG_WARN_CONSTANT_CONVERSION = YES;
				CLANG_WARN_DEPRECATED_OBJC_IMPLEMENTATIONS = YES;
				CLANG_WARN_DIRECT_OBJC_ISA_USAGE = YES_ERROR;
				CLANG_WARN_DOCUMENTATION_COMMENTS = YES;
				CLANG_WARN_EMPTY_BODY = YES;
				CLANG_WARN_ENUM_CONVERSION = YES;
				CLANG_WARN_INFINITE_RECURSION = YES;
				CLANG_WARN_INT_CONVERSION = YES;
				CLANG_WARN_NON_LITERAL_NULL_CONVERSION = YES;
				CLANG_WARN_OBJC_IMPLICIT_RETAIN_SELF = YES;
				CLANG_WARN_OBJC_LITERAL_CONVERSION = YES;
				CLANG_WARN_OBJC_ROOT_CLASS = YES_ERROR;
				CLANG_WARN_QUOTED_INCLUDE_IN_FRAMEWORK_HEADER = YES;
				CLANG_WARN_RANGE_LOOP_ANALYSIS = YES;
				CLANG_WARN_STRICT_PROTOTYPES = YES;
				CLANG_WARN_SUSPICIOUS_MOVE = YES;
				CLANG_WARN_UNGUARDED_AVAILABILITY = YES_AGGRESSIVE;
				CLANG_WARN_UNREACHABLE_CODE = YES;
				CLANG_WARN__DUPLICATE_METHOD_MATCH = YES;
				COPY_PHASE_STRIP = NO;
				DEBUG_INFORMATION_FORMAT = "dwarf-with-dsym";
				ENABLE_NS_ASSERTIONS = NO;
				ENABLE_STRICT_OBJC_MSGSEND = YES;
				GCC_C_LANGUAGE_STANDARD = gnu11;
				GCC_NO_COMMON_BLOCKS = YES;
				GCC_WARN_64_TO_32_BIT_CONVERSION = YES;
				GCC_WARN_ABOUT_RETURN_TYPE = YES_ERROR;
				GCC_WARN_UNDECLARED_SELECTOR = YES;
				GCC_WARN_UNINITIALIZED_AUTOS = YES_AGGRESSIVE;
				GCC_WARN_UNUSED_FUNCTION = YES;
				GCC_WARN_UNUSED_VARIABLE = YES;
				IPHONEOS_DEPLOYMENT_TARGET = 16.2;
				MTL_ENABLE_DEBUG_INFO = NO;
				MTL_FAST_MATH = YES;
				SDKROOT = iphoneos;
				SWIFT_COMPILATION_MODE = wholemodule;
				SWIFT_OPTIMIZATION_LEVEL = "-O";
				VALIDATE_PRODUCT = YES;
			};
			name = Release;
		};
		82BF9BE52D838DB0009BE013 /* Debug */ = {
			isa = XCBuildConfiguration;
			buildSettings = {
				ASSETCATALOG_COMPILER_APPICON_NAME = AppIcon;
				ASSETCATALOG_COMPILER_GLOBAL_ACCENT_COLOR_NAME = AccentColor;
				CODE_SIGN_STYLE = Automatic;
				CURRENT_PROJECT_VERSION = 1;
				DEVELOPMENT_ASSET_PATHS = "\"Cards/Preview Content\"";
				ENABLE_PREVIEWS = YES;
				GENERATE_INFOPLIST_FILE = YES;
				INFOPLIST_FILE = Cards/Info.plist;
				INFOPLIST_KEY_UIApplicationSceneManifest_Generation = YES;
				INFOPLIST_KEY_UIApplicationSupportsIndirectInputEvents = YES;
				INFOPLIST_KEY_UISupportedInterfaceOrientations_iPad = "UIInterfaceOrientationPortrait UIInterfaceOrientationPortraitUpsideDown UIInterfaceOrientationLandscapeLeft UIInterfaceOrientationLandscapeRight";
				INFOPLIST_KEY_UISupportedInterfaceOrientations_iPhone = "UIInterfaceOrientationPortrait UIInterfaceOrientationLandscapeLeft UIInterfaceOrientationLandscapeRight";
				LD_RUNPATH_SEARCH_PATHS = (
					"$(inherited)",
					"@executable_path/Frameworks",
				);
				MARKETING_VERSION = 1.0;
				PRODUCT_BUNDLE_IDENTIFIER = org.Cards;
				PRODUCT_NAME = "$(TARGET_NAME)";
				SWIFT_EMIT_LOC_STRINGS = YES;
				SWIFT_VERSION = 5.0;
				TARGETED_DEVICE_FAMILY = "1,2";
			};
			name = Debug;
		};
		82BF9BE62D838DB0009BE013 /* Release */ = {
			isa = XCBuildConfiguration;
			buildSettings = {
				ASSETCATALOG_COMPILER_APPICON_NAME = AppIcon;
				ASSETCATALOG_COMPILER_GLOBAL_ACCENT_COLOR_NAME = AccentColor;
				CODE_SIGN_STYLE = Automatic;
				CURRENT_PROJECT_VERSION = 1;
				DEVELOPMENT_ASSET_PATHS = "\"Cards/Preview Content\"";
				ENABLE_PREVIEWS = YES;
				GENERATE_INFOPLIST_FILE = YES;
				INFOPLIST_FILE = Cards/Info.plist;
				INFOPLIST_KEY_UIApplicationSceneManifest_Generation = YES;
				INFOPLIST_KEY_UIApplicationSupportsIndirectInputEvents = YES;
				INFOPLIST_KEY_UISupportedInterfaceOrientations_iPad = "UIInterfaceOrientationPortrait UIInterfaceOrientationPortraitUpsideDown UIInterfaceOrientationLandscapeLeft UIInterfaceOrientationLandscapeRight";
				INFOPLIST_KEY_UISupportedInterfaceOrientations_iPhone = "UIInterfaceOrientationPortrait UIInterfaceOrientationLandscapeLeft UIInterfaceOrientationLandscapeRight";
				LD_RUNPATH_SEARCH_PATHS = (
					"$(inherited)",
					"@executable_path/Frameworks",
				);
				MARKETING_VERSION = 1.0;
				PRODUCT_BUNDLE_IDENTIFIER = org.Cards;
				PRODUCT_NAME = "$(TARGET_NAME)";
				SWIFT_EMIT_LOC_STRINGS = YES;
				SWIFT_VERSION = 5.0;
				TARGETED_DEVICE_FAMILY = "1,2";
			};
			name = Release;
		};
/* End XCBuildConfiguration section */

/* Begin XCConfigurationList section */
		82BF9BD12D838DAC009BE013 /* Build configuration list for PBXProject "Cards" */ = {
			isa = XCConfigurationList;
			buildConfigurations = (
				82BF9BE22D838DB0009BE013 /* Debug */,
				82BF9BE32D838DB0009BE013 /* Release */,
			);
			defaultConfigurationIsVisible = 0;
			defaultConfigurationName = Release;
		};
		82BF9BE42D838DB0009BE013 /* Build configuration list for PBXNativeTarget "Cards" */ = {
			isa = XCConfigurationList;
			buildConfigurations = (
				82BF9BE52D838DB0009BE013 /* Debug */,
				82BF9BE62D838DB0009BE013 /* Release */,
			);
			defaultConfigurationIsVisible = 0;
			defaultConfigurationName = Release;
		};
/* End XCConfigurationList section */
	};
	rootObject = 82BF9BCE2D838DAC009BE013 /* Project object */;
}
